
Microsoft Visual Studio Solution File, Format Version 12.00
# Visual Studio Version 16
VisualStudioVersion = 16.0.31624.102
MinimumVisualStudioVersion = 10.0.40219.1
Project("{F184B08F-C81C-45F6-A57F-5ABD9991F28F}") = "MVCProject", "MVCProject\MVCProject.vbproj", "{F613986E-F9AD-4892-9796-484EB4CF351F}"
EndProject
Global
	GlobalSection(SolutionConfigurationPlatforms) = preSolution
		Debug|Any CPU = Debug|Any CPU
		Release|Any CPU = Release|Any CPU
	EndGlobalSection
	GlobalSection(ProjectConfigurationPlatforms) = postSolution
		{F613986E-F9AD-4892-9796-484EB4CF351F}.Debug|Any CPU.ActiveCfg = Debug|Any CPU
		{F613986E-F9AD-4892-9796-484EB4CF351F}.Debug|Any CPU.Build.0 = Debug|Any CPU
		{F613986E-F9AD-4892-9796-484EB4CF351F}.Release|Any CPU.ActiveCfg = Release|Any CPU
		{F613986E-F9AD-4892-9796-484EB4CF351F}.Release|Any CPU.Build.0 = Release|Any CPU
	EndGlobalSection
	GlobalSection(SolutionProperties) = preSolution
		HideSolutionNode = FALSE
	EndGlobalSection
	GlobalSection(ExtensibilityGlobals) = postSolution
		SolutionGuid = {6CC01FF0-0309-4F4C-A5A0-439AAACD00B7}
	EndGlobalSection
EndGlobal
