
Microsoft Visual Studio Solution File, Format Version 12.00
# Visual Studio Version 16
VisualStudioVersion = 16.0.31624.102
MinimumVisualStudioVersion = 10.0.40219.1
Project("{FAE04EC0-301F-11D3-BF4B-00C04F79EFBC}") = "MCVProj2", "MCVProj2\MCVProj2.csproj", "{8F288BD3-7EEE-49B4-BFB4-B02942C9599A}"
EndProject
Global
	GlobalSection(SolutionConfigurationPlatforms) = preSolution
		Debug|Any CPU = Debug|Any CPU
		Release|Any CPU = Release|Any CPU
	EndGlobalSection
	GlobalSection(ProjectConfigurationPlatforms) = postSolution
		{8F288BD3-7EEE-49B4-BFB4-B02942C9599A}.Debug|Any CPU.ActiveCfg = Debug|Any CPU
		{8F288BD3-7EEE-49B4-BFB4-B02942C9599A}.Debug|Any CPU.Build.0 = Debug|Any CPU
		{8F288BD3-7EEE-49B4-BFB4-B02942C9599A}.Release|Any CPU.ActiveCfg = Release|Any CPU
		{8F288BD3-7EEE-49B4-BFB4-B02942C9599A}.Release|Any CPU.Build.0 = Release|Any CPU
	EndGlobalSection
	GlobalSection(SolutionProperties) = preSolution
		HideSolutionNode = FALSE
	EndGlobalSection
	GlobalSection(ExtensibilityGlobals) = postSolution
		SolutionGuid = {3E85FBF1-0964-4E80-A0F6-DFEB20A1A56A}
	EndGlobalSection
EndGlobal
